Microsoft Visual Studio Solution File, Format Version 11.00
# Visual Studio 2010
Project("{8BC9CEB8-8B4A-11D0-8D11-00A0C91BC942}") = "DND", "DND\DND.vcxproj", "{B844D503-AC3E-47F9-A67F-2BDEFF85DB13}"
	ProjectSection(ProjectDependencies) = postProject
		{745DEC58-EBB3-47A9-A9B8-4C6627C01BF8} = {745DEC58-EBB3-47A9-A9B8-4C6627C01BF8}
		{DF460EAB-570D-4B50-9089-2E2FC801BF38} = {DF460EAB-570D-4B50-9089-2E2FC801BF38}
	EndProjectSection
EndProject
Project("{8BC9CEB8-8B4A-11D0-8D11-00A0C91BC942}") = "Test", "Test\Test.vcxproj", "{F500AA99-A154-4E6B-9E40-1BBA95E36381}"
	ProjectSection(ProjectDependencies) = postProject
		{B844D503-AC3E-47F9-A67F-2BDEFF85DB13} = {B844D503-AC3E-47F9-A67F-2BDEFF85DB13}
	EndProjectSection
EndProject
Project("{8BC9CEB8-8B4A-11D0-8D11-00A0C91BC942}") = "Effects11", "..\Effects11\Effects11_2010.vcxproj", "{DF460EAB-570D-4B50-9089-2E2FC801BF38}"
EndProject
Project("{8BC9CEB8-8B4A-11D0-8D11-00A0C91BC942}") = "zlibstat", "..\zlib-1.2.8\contrib\vstudio\vc10\zlibstat.vcxproj", "{745DEC58-EBB3-47A9-A9B8-4C6627C01BF8}"
EndProject
Global
	GlobalSection(SolutionConfigurationPlatforms) = preSolution
		Debug Library|Itanium = Debug Library|Itanium
		Debug Library|Win32 = Debug Library|Win32
		Debug Library|x64 = Debug Library|x64
		Debug|Itanium = Debug|Itanium
		Debug|Win32 = Debug|Win32
		Debug|x64 = Debug|x64
		Profile|Itanium = Profile|Itanium
		Profile|Win32 = Profile|Win32
		Profile|x64 = Profile|x64
		Release Library|Itanium = Release Library|Itanium
		Release Library|Win32 = Release Library|Win32
		Release Library|x64 = Release Library|x64
		Release|Itanium = Release|Itanium
		Release|Win32 = Release|Win32
		Release|x64 = Release|x64
		ReleaseWithoutAsm|Itanium = ReleaseWithoutAsm|Itanium
		ReleaseWithoutAsm|Win32 = ReleaseWithoutAsm|Win32
		ReleaseWithoutAsm|x64 = ReleaseWithoutAsm|x64
	EndGlobalSection
	GlobalSection(ProjectConfigurationPlatforms) = postSolution
		{B844D503-AC3E-47F9-A67F-2BDEFF85DB13}.Debug Library|Itanium.ActiveCfg = Debug|x64
		{B844D503-AC3E-47F9-A67F-2BDEFF85DB13}.Debug Library|Win32.ActiveCfg = Debug|x64
		{B844D503-AC3E-47F9-A67F-2BDEFF85DB13}.Debug Library|x64.ActiveCfg = Debug|x64
		{B844D503-AC3E-47F9-A67F-2BDEFF85DB13}.Debug Library|x64.Build.0 = Debug|x64
		{B844D503-AC3E-47F9-A67F-2BDEFF85DB13}.Debug|Itanium.ActiveCfg = Debug|x64
		{B844D503-AC3E-47F9-A67F-2BDEFF85DB13}.Debug|Win32.ActiveCfg = Debug|Win32
		{B844D503-AC3E-47F9-A67F-2BDEFF85DB13}.Debug|Win32.Build.0 = Debug|Win32
		{B844D503-AC3E-47F9-A67F-2BDEFF85DB13}.Debug|x64.ActiveCfg = Debug|x64
		{B844D503-AC3E-47F9-A67F-2BDEFF85DB13}.Debug|x64.Build.0 = Debug|x64
		{B844D503-AC3E-47F9-A67F-2BDEFF85DB13}.Profile|Itanium.ActiveCfg = Release|x64
		{B844D503-AC3E-47F9-A67F-2BDEFF85DB13}.Profile|Win32.ActiveCfg = Release|x64
		{B844D503-AC3E-47F9-A67F-2BDEFF85DB13}.Profile|x64.ActiveCfg = Release|x64
		{B844D503-AC3E-47F9-A67F-2BDEFF85DB13}.Profile|x64.Build.0 = Release|x64
		{B844D503-AC3E-47F9-A67F-2BDEFF85DB13}.Release Library|Itanium.ActiveCfg = Release|x64
		{B844D503-AC3E-47F9-A67F-2BDEFF85DB13}.Release Library|Win32.ActiveCfg = Release|x64
		{B844D503-AC3E-47F9-A67F-2BDEFF85DB13}.Release Library|x64.ActiveCfg = Release|x64
		{B844D503-AC3E-47F9-A67F-2BDEFF85DB13}.Release Library|x64.Build.0 = Release|x64
		{B844D503-AC3E-47F9-A67F-2BDEFF85DB13}.Release|Itanium.ActiveCfg = Release|x64
		{B844D503-AC3E-47F9-A67F-2BDEFF85DB13}.Release|Win32.ActiveCfg = Release|Win32
		{B844D503-AC3E-47F9-A67F-2BDEFF85DB13}.Release|Win32.Build.0 = Release|Win32
		{B844D503-AC3E-47F9-A67F-2BDEFF85DB13}.Release|x64.ActiveCfg = Release|x64
		{B844D503-AC3E-47F9-A67F-2BDEFF85DB13}.Release|x64.Build.0 = Release|x64
		{B844D503-AC3E-47F9-A67F-2BDEFF85DB13}.ReleaseWithoutAsm|Itanium.ActiveCfg = Release|x64
		{B844D503-AC3E-47F9-A67F-2BDEFF85DB13}.ReleaseWithoutAsm|Win32.ActiveCfg = Release|x64
		{B844D503-AC3E-47F9-A67F-2BDEFF85DB13}.ReleaseWithoutAsm|x64.ActiveCfg = Release|x64
		{B844D503-AC3E-47F9-A67F-2BDEFF85DB13}.ReleaseWithoutAsm|x64.Build.0 = Release|x64
		{F500AA99-A154-4E6B-9E40-1BBA95E36381}.Debug Library|Itanium.ActiveCfg = Debug|x64
		{F500AA99-A154-4E6B-9E40-1BBA95E36381}.Debug Library|Win32.ActiveCfg = Debug|x64
		{F500AA99-A154-4E6B-9E40-1BBA95E36381}.Debug Library|x64.ActiveCfg = Debug|x64
		{F500AA99-A154-4E6B-9E40-1BBA95E36381}.Debug Library|x64.Build.0 = Debug|x64
		{F500AA99-A154-4E6B-9E40-1BBA95E36381}.Debug|Itanium.ActiveCfg = Debug|x64
		{F500AA99-A154-4E6B-9E40-1BBA95E36381}.Debug|Win32.ActiveCfg = Debug|Win32
		{F500AA99-A154-4E6B-9E40-1BBA95E36381}.Debug|Win32.Build.0 = Debug|Win32
		{F500AA99-A154-4E6B-9E40-1BBA95E36381}.Debug|x64.ActiveCfg = Debug|x64
		{F500AA99-A154-4E6B-9E40-1BBA95E36381}.Debug|x64.Build.0 = Debug|x64
		{F500AA99-A154-4E6B-9E40-1BBA95E36381}.Profile|Itanium.ActiveCfg = Release|x64
		{F500AA99-A154-4E6B-9E40-1BBA95E36381}.Profile|Win32.ActiveCfg = Release|x64
		{F500AA99-A154-4E6B-9E40-1BBA95E36381}.Profile|x64.ActiveCfg = Release|x64
		{F500AA99-A154-4E6B-9E40-1BBA95E36381}.Profile|x64.Build.0 = Release|x64
		{F500AA99-A154-4E6B-9E40-1BBA95E36381}.Release Library|Itanium.ActiveCfg = Release|x64
		{F500AA99-A154-4E6B-9E40-1BBA95E36381}.Release Library|Win32.ActiveCfg = Release|x64
		{F500AA99-A154-4E6B-9E40-1BBA95E36381}.Release Library|x64.ActiveCfg = Release|x64
		{F500AA99-A154-4E6B-9E40-1BBA95E36381}.Release Library|x64.Build.0 = Release|x64
		{F500AA99-A154-4E6B-9E40-1BBA95E36381}.Release|Itanium.ActiveCfg = Release|x64
		{F500AA99-A154-4E6B-9E40-1BBA95E36381}.Release|Win32.ActiveCfg = Release|Win32
		{F500AA99-A154-4E6B-9E40-1BBA95E36381}.Release|Win32.Build.0 = Release|Win32
		{F500AA99-A154-4E6B-9E40-1BBA95E36381}.Release|x64.ActiveCfg = Release|x64
		{F500AA99-A154-4E6B-9E40-1BBA95E36381}.Release|x64.Build.0 = Release|x64
		{F500AA99-A154-4E6B-9E40-1BBA95E36381}.ReleaseWithoutAsm|Itanium.ActiveCfg = Release|x64
		{F500AA99-A154-4E6B-9E40-1BBA95E36381}.ReleaseWithoutAsm|Win32.ActiveCfg = Release|x64
		{F500AA99-A154-4E6B-9E40-1BBA95E36381}.ReleaseWithoutAsm|x64.ActiveCfg = Release|x64
		{F500AA99-A154-4E6B-9E40-1BBA95E36381}.ReleaseWithoutAsm|x64.Build.0 = Release|x64
		{DF460EAB-570D-4B50-9089-2E2FC801BF38}.Debug Library|Itanium.ActiveCfg = Debug|x64
		{DF460EAB-570D-4B50-9089-2E2FC801BF38}.Debug Library|Win32.ActiveCfg = Debug|x64
		{DF460EAB-570D-4B50-9089-2E2FC801BF38}.Debug Library|x64.ActiveCfg = Debug|x64
		{DF460EAB-570D-4B50-9089-2E2FC801BF38}.Debug Library|x64.Build.0 = Debug|x64
		{DF460EAB-570D-4B50-9089-2E2FC801BF38}.Debug|Itanium.ActiveCfg = Debug|x64
		{DF460EAB-570D-4B50-9089-2E2FC801BF38}.Debug|Win32.ActiveCfg = Debug|Win32
		{DF460EAB-570D-4B50-9089-2E2FC801BF38}.Debug|Win32.Build.0 = Debug|Win32
		{DF460EAB-570D-4B50-9089-2E2FC801BF38}.Debug|x64.ActiveCfg = Debug|x64
		{DF460EAB-570D-4B50-9089-2E2FC801BF38}.Debug|x64.Build.0 = Debug|x64
		{DF460EAB-570D-4B50-9089-2E2FC801BF38}.Profile|Itanium.ActiveCfg = Profile|x64
		{DF460EAB-570D-4B50-9089-2E2FC801BF38}.Profile|Win32.ActiveCfg = Profile|Win32
		{DF460EAB-570D-4B50-9089-2E2FC801BF38}.Profile|Win32.Build.0 = Profile|Win32
		{DF460EAB-570D-4B50-9089-2E2FC801BF38}.Profile|x64.ActiveCfg = Profile|x64
		{DF460EAB-570D-4B50-9089-2E2FC801BF38}.Profile|x64.Build.0 = Profile|x64
		{DF460EAB-570D-4B50-9089-2E2FC801BF38}.Release Library|Itanium.ActiveCfg = Release|x64
		{DF460EAB-570D-4B50-9089-2E2FC801BF38}.Release Library|Win32.ActiveCfg = Release|x64
		{DF460EAB-570D-4B50-9089-2E2FC801BF38}.Release Library|x64.ActiveCfg = Release|x64
		{DF460EAB-570D-4B50-9089-2E2FC801BF38}.Release Library|x64.Build.0 = Release|x64
		{DF460EAB-570D-4B50-9089-2E2FC801BF38}.Release|Itanium.ActiveCfg = Release|x64
		{DF460EAB-570D-4B50-9089-2E2FC801BF38}.Release|Win32.ActiveCfg = Release|Win32
		{DF460EAB-570D-4B50-9089-2E2FC801BF38}.Release|Win32.Build.0 = Release|Win32
		{DF460EAB-570D-4B50-9089-2E2FC801BF38}.Release|x64.ActiveCfg = Release|x64
		{DF460EAB-570D-4B50-9089-2E2FC801BF38}.Release|x64.Build.0 = Release|x64
		{DF460EAB-570D-4B50-9089-2E2FC801BF38}.ReleaseWithoutAsm|Itanium.ActiveCfg = Release|x64
		{DF460EAB-570D-4B50-9089-2E2FC801BF38}.ReleaseWithoutAsm|Win32.ActiveCfg = Release|x64
		{DF460EAB-570D-4B50-9089-2E2FC801BF38}.ReleaseWithoutAsm|x64.ActiveCfg = Release|x64
		{DF460EAB-570D-4B50-9089-2E2FC801BF38}.ReleaseWithoutAsm|x64.Build.0 = Release|x64
		{745DEC58-EBB3-47A9-A9B8-4C6627C01BF8}.Debug Library|Itanium.ActiveCfg = Debug|x64
		{745DEC58-EBB3-47A9-A9B8-4C6627C01BF8}.Debug Library|Win32.ActiveCfg = Debug|x64
		{745DEC58-EBB3-47A9-A9B8-4C6627C01BF8}.Debug Library|x64.ActiveCfg = Debug|x64
		{745DEC58-EBB3-47A9-A9B8-4C6627C01BF8}.Debug Library|x64.Build.0 = Debug|x64
		{745DEC58-EBB3-47A9-A9B8-4C6627C01BF8}.Debug|Itanium.ActiveCfg = Debug|Itanium
		{745DEC58-EBB3-47A9-A9B8-4C6627C01BF8}.Debug|Itanium.Build.0 = Debug|Itanium
		{745DEC58-EBB3-47A9-A9B8-4C6627C01BF8}.Debug|Win32.ActiveCfg = Debug|Win32
		{745DEC58-EBB3-47A9-A9B8-4C6627C01BF8}.Debug|Win32.Build.0 = Debug|Win32
		{745DEC58-EBB3-47A9-A9B8-4C6627C01BF8}.Debug|x64.ActiveCfg = Debug|x64
		{745DEC58-EBB3-47A9-A9B8-4C6627C01BF8}.Debug|x64.Build.0 = Debug|x64
		{745DEC58-EBB3-47A9-A9B8-4C6627C01BF8}.Profile|Itanium.ActiveCfg = Release|x64
		{745DEC58-EBB3-47A9-A9B8-4C6627C01BF8}.Profile|Win32.ActiveCfg = Release|x64
		{745DEC58-EBB3-47A9-A9B8-4C6627C01BF8}.Profile|x64.ActiveCfg = Release|x64
		{745DEC58-EBB3-47A9-A9B8-4C6627C01BF8}.Profile|x64.Build.0 = Release|x64
		{745DEC58-EBB3-47A9-A9B8-4C6627C01BF8}.Release Library|Itanium.ActiveCfg = Release|x64
		{745DEC58-EBB3-47A9-A9B8-4C6627C01BF8}.Release Library|Win32.ActiveCfg = Release|x64
		{745DEC58-EBB3-47A9-A9B8-4C6627C01BF8}.Release Library|x64.ActiveCfg = Release|x64
		{745DEC58-EBB3-47A9-A9B8-4C6627C01BF8}.Release Library|x64.Build.0 = Release|x64
		{745DEC58-EBB3-47A9-A9B8-4C6627C01BF8}.Release|Itanium.ActiveCfg = Release|Itanium
		{745DEC58-EBB3-47A9-A9B8-4C6627C01BF8}.Release|Itanium.Build.0 = Release|Itanium
		{745DEC58-EBB3-47A9-A9B8-4C6627C01BF8}.Release|Win32.ActiveCfg = Release|Win32
		{745DEC58-EBB3-47A9-A9B8-4C6627C01BF8}.Release|Win32.Build.0 = Release|Win32
		{745DEC58-EBB3-47A9-A9B8-4C6627C01BF8}.Release|x64.ActiveCfg = Release|x64
		{745DEC58-EBB3-47A9-A9B8-4C6627C01BF8}.Release|x64.Build.0 = Release|x64
		{745DEC58-EBB3-47A9-A9B8-4C6627C01BF8}.ReleaseWithoutAsm|Itanium.ActiveCfg = ReleaseWithoutAsm|Itanium
		{745DEC58-EBB3-47A9-A9B8-4C6627C01BF8}.ReleaseWithoutAsm|Itanium.Build.0 = ReleaseWithoutAsm|Itanium
		{745DEC58-EBB3-47A9-A9B8-4C6627C01BF8}.ReleaseWithoutAsm|Win32.ActiveCfg = ReleaseWithoutAsm|Win32
		{745DEC58-EBB3-47A9-A9B8-4C6627C01BF8}.ReleaseWithoutAsm|Win32.Build.0 = ReleaseWithoutAsm|Win32
		{745DEC58-EBB3-47A9-A9B8-4C6627C01BF8}.ReleaseWithoutAsm|x64.ActiveCfg = ReleaseWithoutAsm|x64
		{745DEC58-EBB3-47A9-A9B8-4C6627C01BF8}.ReleaseWithoutAsm|x64.Build.0 = ReleaseWithoutAsm|x64
	EndGlobalSection
	GlobalSection(SolutionProperties) = preSolution
		HideSolutionNode = FALSE
	EndGlobalSection
EndGlobal
