<?xml version="1.0" encoding="utf-8"?>
<Project ToolsVersion="4.0" xmlns="http://schemas.microsoft.com/developer/msbuild/2003">
  <ItemGroup>
    <Filter Include="资源文件">
      <UniqueIdentifier>{67DA6AB6-F800-4c08-8B7A-83BB121AAD01}</UniqueIdentifier>
      <Extensions>rc;ico;cur;bmp;dlg;rc2;rct;bin;rgs;gif;jpg;jpeg;jpe;resx;tiff;tif;png;wav;mfcribbon-ms</Extensions>
    </Filter>
    <Filter Include="include">
      <UniqueIdentifier>{57cc0c7e-9cc2-45f8-ba29-3190ee680cc8}</UniqueIdentifier>
    </Filter>
    <Filter Include="src">
      <UniqueIdentifier>{3db7370d-efc7-4652-8a30-fe06b0505ab1}</UniqueIdentifier>
    </Filter>
    <Filter Include="ZLIB">
      <UniqueIdentifier>{f490f235-e755-4d5e-94de-550cd3aed674}</UniqueIdentifier>
    </Filter>
  </ItemGroup>
  <ItemGroup>
    <ClInclude Include="include\DND.h">
      <Filter>include</Filter>
    </ClInclude>
    <ClInclude Include="include\DNDMain.h">
      <Filter>include</Filter>
    </ClInclude>
    <ClInclude Include="include\DNDDebug.h">
      <Filter>include</Filter>
    </ClInclude>
    <ClInclude Include="include\DNDGame.h">
      <Filter>include</Filter>
    </ClInclude>
    <ClInclude Include="include\DNDDLL.h">
      <Filter>include</Filter>
    </ClInclude>
    <ClInclude Include="include\DNDSingleton.h">
      <Filter>include</Filter>
    </ClInclude>
    <ClInclude Include="include\DNDUser.h">
      <Filter>include</Filter>
    </ClInclude>
    <ClInclude Include="include\DNDSystem.h">
      <Filter>include</Filter>
    </ClInclude>
    <ClInclude Include="src\DNDSystem_imp.h">
      <Filter>src</Filter>
    </ClInclude>
    <ClInclude Include="include\DNDString.h">
      <Filter>include</Filter>
    </ClInclude>
    <ClInclude Include="include\DNDMath.h">
      <Filter>include</Filter>
    </ClInclude>
    <ClInclude Include="include\DNDValue.h">
      <Filter>include</Filter>
    </ClInclude>
    <ClInclude Include="include\DNDTime.h">
      <Filter>include</Filter>
    </ClInclude>
    <ClInclude Include="src\DNDTime_imp.h">
      <Filter>src</Filter>
    </ClInclude>
    <ClInclude Include="include\DNDTypedef.h">
      <Filter>include</Filter>
    </ClInclude>
    <ClInclude Include="src\DNDDirectX.h">
      <Filter>src</Filter>
    </ClInclude>
    <ClInclude Include="include\DNDColor.h">
      <Filter>include</Filter>
    </ClInclude>
    <ClInclude Include="include\DNDInput.h">
      <Filter>include</Filter>
    </ClInclude>
    <ClInclude Include="src\DNDInput_imp.h">
      <Filter>src</Filter>
    </ClInclude>
    <ClInclude Include="include\DNDImage.h">
      <Filter>include</Filter>
    </ClInclude>
    <ClInclude Include="include\DNDCanvas.h">
      <Filter>include</Filter>
    </ClInclude>
    <ClInclude Include="src\DNDCanvas_imp.h">
      <Filter>src</Filter>
    </ClInclude>
    <ClInclude Include="include\DNDSprite.h">
      <Filter>include</Filter>
    </ClInclude>
    <ClInclude Include="include\DNDCoor.h">
      <Filter>include</Filter>
    </ClInclude>
    <ClInclude Include="src\DNDCoor_imp.h">
      <Filter>src</Filter>
    </ClInclude>
    <ClInclude Include="src\DNDTexture.h">
      <Filter>src</Filter>
    </ClInclude>
    <ClInclude Include="src\DNDFont.h">
      <Filter>src</Filter>
    </ClInclude>
    <ClInclude Include="include\DNDText.h">
      <Filter>include</Filter>
    </ClInclude>
    <ClInclude Include="src\DNDText_imp.h">
      <Filter>src</Filter>
    </ClInclude>
    <ClInclude Include="include\DNDGUI.h">
      <Filter>include</Filter>
    </ClInclude>
    <ClInclude Include="include\DNDGUIButtonSpriteScale.h">
      <Filter>include</Filter>
    </ClInclude>
    <ClInclude Include="include\DNDRigidBody.h">
      <Filter>include</Filter>
    </ClInclude>
    <ClInclude Include="include\DNDNet.h">
      <Filter>include</Filter>
    </ClInclude>
    <ClInclude Include="src\DNDRigidBody_imp.h">
      <Filter>src</Filter>
    </ClInclude>
    <ClInclude Include="include\DNDThread.h">
      <Filter>include</Filter>
    </ClInclude>
    <ClInclude Include="include\DNDMutex.h">
      <Filter>include</Filter>
    </ClInclude>
    <ClInclude Include="src\DNDNet_imp.h">
      <Filter>src</Filter>
    </ClInclude>
    <ClInclude Include="src\DNDBox2DDebugDraw.h">
      <Filter>include</Filter>
    </ClInclude>
    <ClInclude Include="include\DNDGUIButtonTextColor.h">
      <Filter>include</Filter>
    </ClInclude>
    <ClInclude Include="include\DNDGUIButtonSprite3Text1.h">
      <Filter>include</Filter>
    </ClInclude>
    <ClInclude Include="include\DNDFile.h">
      <Filter>include</Filter>
    </ClInclude>
    <ClInclude Include="src\DNDFile_imp.h">
      <Filter>src</Filter>
    </ClInclude>
    <ClInclude Include="include\DNDGUIEditBoxSprite.h">
      <Filter>include</Filter>
    </ClInclude>
    <ClInclude Include="include\DNDAnimation.h">
      <Filter>include</Filter>
    </ClInclude>
    <ClInclude Include="src\DNDAnimation_imp.h">
      <Filter>src</Filter>
    </ClInclude>
    <ClInclude Include="include\DNDCycleLock.h">
      <Filter>include</Filter>
    </ClInclude>
    <ClInclude Include="include\DNDGameServer.h">
      <Filter>include</Filter>
    </ClInclude>
    <ClInclude Include="include\DNDGUISwitchSprite2.h">
      <Filter>include</Filter>
    </ClInclude>
    <ClInclude Include="include\DNDGUIButtonSprite3.h">
      <Filter>include</Filter>
    </ClInclude>
    <ClInclude Include="src\DNDRigidBody_imp.h">
      <Filter>src</Filter>
    </ClInclude>
    <ClInclude Include="include\DNDSound.h">
      <Filter>include</Filter>
    </ClInclude>
    <ClInclude Include="include\DNDGUISprite9.h">
      <Filter>include</Filter>
    </ClInclude>
    <ClInclude Include="include\DNDStreamOutput.h">
      <Filter>include</Filter>
    </ClInclude>
    <ClInclude Include="include\DNDStreamInput.h">
      <Filter>include</Filter>
    </ClInclude>
    <ClInclude Include="ZLIB\crc32.h">
      <Filter>ZLIB</Filter>
    </ClInclude>
    <ClInclude Include="ZLIB\crypt.h">
      <Filter>ZLIB</Filter>
    </ClInclude>
    <ClInclude Include="ZLIB\deflate.h">
      <Filter>ZLIB</Filter>
    </ClInclude>
    <ClInclude Include="ZLIB\gzguts.h">
      <Filter>ZLIB</Filter>
    </ClInclude>
    <ClInclude Include="ZLIB\inffast.h">
      <Filter>ZLIB</Filter>
    </ClInclude>
    <ClInclude Include="ZLIB\inffixed.h">
      <Filter>ZLIB</Filter>
    </ClInclude>
    <ClInclude Include="ZLIB\inflate.h">
      <Filter>ZLIB</Filter>
    </ClInclude>
    <ClInclude Include="ZLIB\inftrees.h">
      <Filter>ZLIB</Filter>
    </ClInclude>
    <ClInclude Include="ZLIB\ioapi.h">
      <Filter>ZLIB</Filter>
    </ClInclude>
    <ClInclude Include="ZLIB\mztools.h">
      <Filter>ZLIB</Filter>
    </ClInclude>
    <ClInclude Include="ZLIB\trees.h">
      <Filter>ZLIB</Filter>
    </ClInclude>
    <ClInclude Include="ZLIB\unzip.h">
      <Filter>ZLIB</Filter>
    </ClInclude>
    <ClInclude Include="ZLIB\zconf.h">
      <Filter>ZLIB</Filter>
    </ClInclude>
    <ClInclude Include="ZLIB\zip.h">
      <Filter>ZLIB</Filter>
    </ClInclude>
    <ClInclude Include="ZLIB\zlib.h">
      <Filter>ZLIB</Filter>
    </ClInclude>
    <ClInclude Include="ZLIB\zutil.h">
      <Filter>ZLIB</Filter>
    </ClInclude>
    <ClInclude Include="include\DNDGUISliderSprite2.h">
      <Filter>include</Filter>
    </ClInclude>
    <ClInclude Include="src\DNDSound_imp.h">
      <Filter>src</Filter>
    </ClInclude>
    <ClInclude Include="include\DNDGUIComboBox.h">
      <Filter>include</Filter>
    </ClInclude>
    <ClInclude Include="include\DNDGUISwitchSprite3Color2.h">
      <Filter>include</Filter>
    </ClInclude>
    <ClInclude Include="include\DNDGUISliderSprite5.h">
      <Filter>include</Filter>
    </ClInclude>
    <ClInclude Include="include\DNDGUIShadeBox.h">
      <Filter>include</Filter>
    </ClInclude>
    <ClInclude Include="src\DNDMath_imp.h">
      <Filter>src</Filter>
    </ClInclude>
  </ItemGroup>
  <ItemGroup>
    <ClCompile Include="src\DNDMain.cpp">
      <Filter>src</Filter>
    </ClCompile>
    <ClCompile Include="src\DNDGame.cpp">
      <Filter>src</Filter>
    </ClCompile>
    <ClCompile Include="src\DNDSystem_imp.cpp">
      <Filter>src</Filter>
    </ClCompile>
    <ClCompile Include="src\DNDString.cpp">
      <Filter>src</Filter>
    </ClCompile>
    <ClCompile Include="src\DNDMath.cpp">
      <Filter>src</Filter>
    </ClCompile>
    <ClCompile Include="src\DNDUser.cpp">
      <Filter>src</Filter>
    </ClCompile>
    <ClCompile Include="src\DNDDebug.cpp">
      <Filter>src</Filter>
    </ClCompile>
    <ClCompile Include="src\DNDTime_imp.cpp">
      <Filter>src</Filter>
    </ClCompile>
    <ClCompile Include="src\DNDDirectX.cpp">
      <Filter>src</Filter>
    </ClCompile>
    <ClCompile Include="src\DNDColor.cpp">
      <Filter>src</Filter>
    </ClCompile>
    <ClCompile Include="src\DNDInput_imp.cpp">
      <Filter>src</Filter>
    </ClCompile>
    <ClCompile Include="src\DNDImage.cpp">
      <Filter>src</Filter>
    </ClCompile>
    <ClCompile Include="src\DNDCanvas_imp.cpp">
      <Filter>src</Filter>
    </ClCompile>
    <ClCompile Include="src\DNDSprite.cpp">
      <Filter>src</Filter>
    </ClCompile>
    <ClCompile Include="src\DNDCoor_imp.cpp">
      <Filter>src</Filter>
    </ClCompile>
    <ClCompile Include="src\DNDTexture.cpp">
      <Filter>src</Filter>
    </ClCompile>
    <ClCompile Include="src\DNDFont.cpp">
      <Filter>src</Filter>
    </ClCompile>
    <ClCompile Include="src\DNDText_imp.cpp">
      <Filter>src</Filter>
    </ClCompile>
    <ClCompile Include="src\DNDGUIButtonSpriteScale.cpp">
      <Filter>src</Filter>
    </ClCompile>
    <ClCompile Include="src\DNDGUI.cpp">
      <Filter>src</Filter>
    </ClCompile>
    <ClCompile Include="src\DNDRigidBody_imp.cpp">
      <Filter>src</Filter>
    </ClCompile>
    <ClCompile Include="src\DNDBox2DDebugDraw.cpp">
      <Filter>src</Filter>
    </ClCompile>
    <ClCompile Include="src\DNDNet_imp.cpp">
      <Filter>src</Filter>
    </ClCompile>
    <ClCompile Include="src\DNDThread.cpp">
      <Filter>src</Filter>
    </ClCompile>
    <ClCompile Include="src\DNDMutex.cpp">
      <Filter>src</Filter>
    </ClCompile>
    <ClCompile Include="src\DNDGUIButtonTextColor.cpp">
      <Filter>src</Filter>
    </ClCompile>
    <ClCompile Include="src\DNDGUIButtonSprite3Text1.cpp">
      <Filter>src</Filter>
    </ClCompile>
    <ClCompile Include="src\DNDFile_imp.cpp">
      <Filter>src</Filter>
    </ClCompile>
    <ClCompile Include="src\DNDGUIEditBoxSprite.cpp">
      <Filter>src</Filter>
    </ClCompile>
    <ClCompile Include="src\DNDAnimation_imp.cpp">
      <Filter>src</Filter>
    </ClCompile>
    <ClCompile Include="src\DNDCycleLock.cpp">
      <Filter>src</Filter>
    </ClCompile>
    <ClCompile Include="src\DNDGameServer.cpp">
      <Filter>src</Filter>
    </ClCompile>
    <ClCompile Include="src\DNDGUISwitchSprite2.cpp">
      <Filter>src</Filter>
    </ClCompile>
    <ClCompile Include="src\DNDGUIButtonSprite3.cpp">
      <Filter>src</Filter>
    </ClCompile>
    <ClCompile Include="src\DNDGUISprite9.cpp">
      <Filter>src</Filter>
    </ClCompile>
    <ClCompile Include="src\DNDStreamOutput.cpp">
      <Filter>src</Filter>
    </ClCompile>
    <ClCompile Include="src\DNDStreamInput.cpp">
      <Filter>src</Filter>
    </ClCompile>
    <ClCompile Include="ZLIB\adler32.c">
      <Filter>ZLIB</Filter>
    </ClCompile>
    <ClCompile Include="ZLIB\compress.c">
      <Filter>ZLIB</Filter>
    </ClCompile>
    <ClCompile Include="ZLIB\crc32.c">
      <Filter>ZLIB</Filter>
    </ClCompile>
    <ClCompile Include="ZLIB\deflate.c">
      <Filter>ZLIB</Filter>
    </ClCompile>
    <ClCompile Include="ZLIB\gzclose.c">
      <Filter>ZLIB</Filter>
    </ClCompile>
    <ClCompile Include="ZLIB\gzlib.c">
      <Filter>ZLIB</Filter>
    </ClCompile>
    <ClCompile Include="ZLIB\gzread.c">
      <Filter>ZLIB</Filter>
    </ClCompile>
    <ClCompile Include="ZLIB\gzwrite.c">
      <Filter>ZLIB</Filter>
    </ClCompile>
    <ClCompile Include="ZLIB\infback.c">
      <Filter>ZLIB</Filter>
    </ClCompile>
    <ClCompile Include="ZLIB\inffast.c">
      <Filter>ZLIB</Filter>
    </ClCompile>
    <ClCompile Include="ZLIB\inflate.c">
      <Filter>ZLIB</Filter>
    </ClCompile>
    <ClCompile Include="ZLIB\inftrees.c">
      <Filter>ZLIB</Filter>
    </ClCompile>
    <ClCompile Include="ZLIB\ioapi.c">
      <Filter>ZLIB</Filter>
    </ClCompile>
    <ClCompile Include="ZLIB\mztools.c">
      <Filter>ZLIB</Filter>
    </ClCompile>
    <ClCompile Include="ZLIB\trees.c">
      <Filter>ZLIB</Filter>
    </ClCompile>
    <ClCompile Include="ZLIB\uncompr.c">
      <Filter>ZLIB</Filter>
    </ClCompile>
    <ClCompile Include="ZLIB\unzip.c">
      <Filter>ZLIB</Filter>
    </ClCompile>
    <ClCompile Include="ZLIB\zip.c">
      <Filter>ZLIB</Filter>
    </ClCompile>
    <ClCompile Include="ZLIB\zutil.c">
      <Filter>ZLIB</Filter>
    </ClCompile>
    <ClCompile Include="src\DNDGUISliderSprite2.cpp">
      <Filter>src</Filter>
    </ClCompile>
    <ClCompile Include="src\DNDSound_imp.cpp">
      <Filter>src</Filter>
    </ClCompile>
    <ClCompile Include="src\DNDGUIComboBox.cpp">
      <Filter>src</Filter>
    </ClCompile>
    <ClCompile Include="src\DNDGUISwitchSprite3Color2.cpp">
      <Filter>src</Filter>
    </ClCompile>
    <ClCompile Include="src\DNDGUISliderSprite5.cpp">
      <Filter>src</Filter>
    </ClCompile>
    <ClCompile Include="src\DNDGUIShadeBox.cpp">
      <Filter>src</Filter>
    </ClCompile>
  </ItemGroup>
  <ItemGroup>
    <None Include="export.def" />
  </ItemGroup>
</Project>